// !$*UTF8*$!
{
	archiveVersion = 1;
	classes = {
	};
	objectVersion = 50;
	objects = {

/* Begin PBXBuildFile section */
		02158CD1255D336700FB2EAC /* AppDelegate.m in Sources */ = {isa = PBXBuildFile; fileRef = 02158CD0255D336700FB2EAC /* AppDelegate.m */; };
		02158CD4255D336700FB2EAC /* SceneDelegate.m in Sources */ = {isa = PBXBuildFile; fileRef = 02158CD3255D336700FB2EAC /* SceneDelegate.m */; };
		02158CD7255D336700FB2EAC /* ViewController.m in Sources */ = {isa = PBXBuildFile; fileRef = 02158CD6255D336700FB2EAC /* ViewController.m */; };
		02158CDA255D336700FB2EAC /* Main.storyboard in Resources */ = {isa = PBXBuildFile; fileRef = 02158CD8255D336700FB2EAC /* Main.storyboard */; };
		02158CDC255D336800FB2EAC /* Assets.xcassets in Resources */ = {isa = PBXBuildFile; fileRef = 02158CDB255D336800FB2EAC /* Assets.xcassets */; };
		02158CDF255D336800FB2EAC /* LaunchScreen.storyboard in Resources */ = {isa = PBXBuildFile; fileRef = 02158CDD255D336800FB2EAC /* LaunchScreen.storyboard */; };
		02158CE2255D336800FB2EAC /* main.m in Sources */ = {isa = PBXBuildFile; fileRef = 02158CE1255D336800FB2EAC /* main.m */; };
		02158CEB255D337500FB2EAC /* LGPerson.m in Sources */ = {isa = PBXBuildFile; fileRef = 02158CEA255D337500FB2EAC /* LGPerson.m */; };
		02158CF1255D4D9E00FB2EAC /* simViewController.m in Sources */ = {isa = PBXBuildFile; fileRef = 02158CF0255D4D9E00FB2EAC /* simViewController.m */; };
/* End PBXBuildFile section */

/* Begin PBXFileReference section */
		02158CCC255D336700FB2EAC /* 123.app */ = {isa = PBXFileReference; explicitFileType = wrapper.application; includeInIndex = 0; path = 123.app; sourceTree = BUILT_PRODUCTS_DIR; };
		02158CCF255D336700FB2EAC /* AppDelegate.h */ = {isa = PBXFileReference; lastKnownFileType = sourcecode.c.h; path = AppDelegate.h; sourceTree = "<group>"; };
		02158CD0255D336700FB2EAC /* AppDelegate.m */ = {isa = PBXFileReference; lastKnownFileType = sourcecode.c.objc; path = AppDelegate.m; sourceTree = "<group>"; };
		02158CD2255D336700FB2EAC /* SceneDelegate.h */ = {isa = PBXFileReference; lastKnownFileType = sourcecode.c.h; path = SceneDelegate.h; sourceTree = "<group>"; };
		02158CD3255D336700FB2EAC /* SceneDelegate.m */ = {isa = PBXFileReference; lastKnownFileType = sourcecode.c.objc; path = SceneDelegate.m; sourceTree = "<group>"; };
		02158CD5255D336700FB2EAC /* ViewController.h */ = {isa = PBXFileReference; lastKnownFileType = sourcecode.c.h; path = ViewController.h; sourceTree = "<group>"; };
		02158CD6255D336700FB2EAC /* ViewController.m */ = {isa = PBXFileReference; lastKnownFileType = sourcecode.c.objc; path = ViewController.m; sourceTree = "<group>"; };
		02158CD9255D336700FB2EAC /* Base */ = {isa = PBXFileReference; lastKnownFileType = file.storyboard; name = Base; path = Base.lproj/Main.storyboard; sourceTree = "<group>"; };
		02158CDB255D336800FB2EAC /* Assets.xcassets */ = {isa = PBXFileReference; lastKnownFileType = folder.assetcatalog; path = Assets.xcassets; sourceTree = "<group>"; };
		02158CDE255D336800FB2EAC /* Base */ = {isa = PBXFileReference; lastKnownFileType = file.storyboard; name = Base; path = Base.lproj/LaunchScreen.storyboard; sourceTree = "<group>"; };
		02158CE0255D336800FB2EAC /* Info.plist */ = {isa = PBXFileReference; lastKnownFileType = text.plist.xml; path = Info.plist; sourceTree = "<group>"; };
		02158CE1255D336800FB2EAC /* main.m */ = {isa = PBXFileReference; lastKnownFileType = sourcecode.c.objc; path = main.m; sourceTree = "<group>"; };
		02158CE9255D337500FB2EAC /* LGPerson.h */ = {isa = PBXFileReference; fileEncoding = 4; lastKnownFileType = sourcecode.c.h; path = LGPerson.h; sourceTree = "<group>"; };
		02158CEA255D337500FB2EAC /* LGPerson.m */ = {isa = PBXFileReference; fileEncoding = 4; lastKnownFileType = sourcecode.c.objc; path = LGPerson.m; sourceTree = "<group>"; };
		02158CEF255D4D9E00FB2EAC /* simViewController.h */ = {isa = PBXFileReference; lastKnownFileType = sourcecode.c.h; path = simViewController.h; sourceTree = "<group>"; };
		02158CF0255D4D9E00FB2EAC /* simViewController.m */ = {isa = PBXFileReference; lastKnownFileType = sourcecode.c.objc; path = simViewController.m; sourceTree = "<group>"; };
/* End PBXFileReference section */

/* Begin PBXFrameworksBuildPhase section */
		02158CC9255D336700FB2EAC /* Frameworks */ = {
			isa = PBXFrameworksBuildPhase;
			buildActionMask = 2147483647;
			files = (
			);
			runOnlyForDeploymentPostprocessing = 0;
		};
/* End PBXFrameworksBuildPhase section */

/* Begin PBXGroup section */
		02158CC3255D336700FB2EAC = {
			isa = PBXGroup;
			children = (
				02158CCE255D336700FB2EAC /* 123 */,
				02158CCD255D336700FB2EAC /* Products */,
			);
			sourceTree = "<group>";
		};
		02158CCD255D336700FB2EAC /* Products */ = {
			isa = PBXGroup;
			children = (
				02158CCC255D336700FB2EAC /* 123.app */,
			);
			name = Products;
			sourceTree = "<group>";
		};
		02158CCE255D336700FB2EAC /* 123 */ = {
			isa = PBXGroup;
			children = (
				02158CCF255D336700FB2EAC /* AppDelegate.h */,
				02158CD0255D336700FB2EAC /* AppDelegate.m */,
				02158CD2255D336700FB2EAC /* SceneDelegate.h */,
				02158CD3255D336700FB2EAC /* SceneDelegate.m */,
				02158CD5255D336700FB2EAC /* ViewController.h */,
				02158CD6255D336700FB2EAC /* ViewController.m */,
				02158CEF255D4D9E00FB2EAC /* simViewController.h */,
				02158CF0255D4D9E00FB2EAC /* simViewController.m */,
				02158CE9255D337500FB2EAC /* LGPerson.h */,
				02158CEA255D337500FB2EAC /* LGPerson.m */,
				02158CD8255D336700FB2EAC /* Main.storyboard */,
				02158CDB255D336800FB2EAC /* Assets.xcassets */,
				02158CDD255D336800FB2EAC /* LaunchScreen.storyboard */,
				02158CE0255D336800FB2EAC /* Info.plist */,
				02158CE1255D336800FB2EAC /* main.m */,
			);
			path = 123;
			sourceTree = "<group>";
		};
/* End PBXGroup section */

/* Begin PBXNativeTarget section */
		02158CCB255D336700FB2EAC /* 123 */ = {
			isa = PBXNativeTarget;
			buildConfigurationList = 02158CE5255D336800FB2EAC /* Build configuration list for PBXNativeTarget "123" */;
			buildPhases = (
				02158CC8255D336700FB2EAC /* Sources */,
				02158CC9255D336700FB2EAC /* Frameworks */,
				02158CCA255D336700FB2EAC /* Resources */,
			);
			buildRules = (
			);
			dependencies = (
			);
			name = 123;
			productName = 123;
			productReference = 02158CCC255D336700FB2EAC /* 123.app */;
			productType = "com.apple.product-type.application";
		};
/* End PBXNativeTarget section */

/* Begin PBXProject section */
		02158CC4255D336700FB2EAC /* Project object */ = {
			isa = PBXProject;
			attributes = {
				LastUpgradeCheck = 1210;
				TargetAttributes = {
					02158CCB255D336700FB2EAC = {
						CreatedOnToolsVersion = 12.1;
					};
				};
			};
			buildConfigurationList = 02158CC7255D336700FB2EAC /* Build configuration list for PBXProject "123" */;
			compatibilityVersion = "Xcode 9.3";
			developmentRegion = en;
			hasScannedForEncodings = 0;
			knownRegions = (
				en,
				Base,
			);
			mainGroup = 02158CC3255D336700FB2EAC;
			productRefGroup = 02158CCD255D336700FB2EAC /* Products */;
			projectDirPath = "";
			projectRoot = "";
			targets = (
				02158CCB255D336700FB2EAC /* 123 */,
			);
		};
/* End PBXProject section */

/* Begin PBXResourcesBuildPhase section */
		02158CCA255D336700FB2EAC /* Resources */ = {
			isa = PBXResourcesBuildPhase;
			buildActionMask = 2147483647;
			files = (
				02158CDF255D336800FB2EAC /* LaunchScreen.storyboard in Resources */,
				02158CDC255D336800FB2EAC /* Assets.xcassets in Resources */,
				02158CDA255D336700FB2EAC /* Main.storyboard in Resources */,
			);
			runOnlyForDeploymentPostprocessing = 0;
		};
/* End PBXResourcesBuildPhase section */

/* Begin PBXSourcesBuildPhase section */
		02158CC8255D336700FB2EAC /* Sources */ = {
			isa = PBXSourcesBuildPhase;
			buildActionMask = 2147483647;
			files = (
				02158CD7255D336700FB2EAC /* ViewController.m in Sources */,
				02158CD1255D336700FB2EAC /* AppDelegate.m in Sources */,
				02158CF1255D4D9E00FB2EAC /* simViewController.m in Sources */,
				02158CEB255D337500FB2EAC /* LGPerson.m in Sources */,
				02158CE2255D336800FB2EAC /* main.m in Sources */,
				02158CD4255D336700FB2EAC /* SceneDelegate.m in Sources */,
			);
			runOnlyForDeploymentPostprocessing = 0;
		};
/* End PBXSourcesBuildPhase section */

/* Begin PBXVariantGroup section */
		02158CD8255D336700FB2EAC /* Main.storyboard */ = {
			isa = PBXVariantGroup;
			children = (
				02158CD9255D336700FB2EAC /* Base */,
			);
			name = Main.storyboard;
			sourceTree = "<group>";
		};
		02158CDD255D336800FB2EAC /* LaunchScreen.storyboard */ = {
			isa = PBXVariantGroup;
			children = (
				02158CDE255D336800FB2EAC /* Base */,
			);
			name = LaunchScreen.storyboard;
			sourceTree = "<group>";
		};
/* End PBXVariantGroup section */

/* Begin XCBuildConfiguration section */
		02158CE3255D336800FB2EAC /* Debug */ = {
			isa = XCBuildConfiguration;
			buildSettings = {
				ALWAYS_SEARCH_USER_PATHS = NO;
				CLANG_ANALYZER_NONNULL = YES;
				CLANG_ANALYZER_NUMBER_OBJECT_CONVERSION = YES_AGGRESSIVE;
				CLANG_CXX_LANGUAGE_STANDARD = "gnu++14";
				CLANG_CXX_LIBRARY = "libc++";
				CLANG_ENABLE_MODULES = YES;
				CLANG_ENABLE_OBJC_ARC = YES;
				CLANG_ENABLE_OBJC_WEAK = YES;
				CLANG_WARN_BLOCK_CAPTURE_AUTORELEASING = YES;
				CLANG_WARN_BOOL_CONVERSION = YES;
				CLANG_WARN_COMMA = YES;
				CLANG_WARN_CONSTANT_CONVERSION = YES;
				CLANG_WARN_DEPRECATED_OBJC_IMPLEMENTATIONS = YES;
				CLANG_WARN_DIRECT_OBJC_ISA_USAGE = YES_ERROR;
				CLANG_WARN_DOCUMENTATION_COMMENTS = YES;
				CLANG_WARN_EMPTY_BODY = YES;
				CLANG_WARN_ENUM_CONVERSION = YES;
				CLANG_WARN_INFINITE_RECURSION = YES;
				CLANG_WARN_INT_CONVERSION = YES;
				CLANG_WARN_NON_LITERAL_NULL_CONVERSION = YES;
				CLANG_WARN_OBJC_IMPLICIT_RETAIN_SELF = YES;
				CLANG_WARN_OBJC_LITERAL_CONVERSION = YES;
				CLANG_WARN_OBJC_ROOT_CLASS = YES_ERROR;
				CLANG_WARN_QUOTED_INCLUDE_IN_FRAMEWORK_HEADER = YES;
				CLANG_WARN_RANGE_LOOP_ANALYSIS = YES;
				CLANG_WARN_STRICT_PROTOTYPES = YES;
				CLANG_WARN_SUSPICIOUS_MOVE = YES;
				CLANG_WARN_UNGUARDED_AVAILABILITY = YES_AGGRESSIVE;
				CLANG_WARN_UNREACHABLE_CODE = YES;
				CLANG_WARN__DUPLICATE_METHOD_MATCH = YES;
				COPY_PHASE_STRIP = NO;
				DEBUG_INFORMATION_FORMAT = dwarf;
				ENABLE_STRICT_OBJC_MSGSEND = YES;
				ENABLE_TESTABILITY = YES;
				GCC_C_LANGUAGE_STANDARD = gnu11;
				GCC_DYNAMIC_NO_PIC = NO;
				GCC_NO_COMMON_BLOCKS = YES;
				GCC_OPTIMIZATION_LEVEL = 0;
				GCC_PREPROCESSOR_DEFINITIONS = (
					"DEBUG=1",
					"$(inherited)",
				);
				GCC_WARN_64_TO_32_BIT_CONVERSION = YES;
				GCC_WARN_ABOUT_RETURN_TYPE = YES_ERROR;
				GCC_WARN_UNDECLARED_SELECTOR = YES;
				GCC_WARN_UNINITIALIZED_AUTOS = YES_AGGRESSIVE;
				GCC_WARN_UNUSED_FUNCTION = YES;
				GCC_WARN_UNUSED_VARIABLE = YES;
				IPHONEOS_DEPLOYMENT_TARGET = 14.1;
				MTL_ENABLE_DEBUG_INFO = INCLUDE_SOURCE;
				MTL_FAST_MATH = YES;
				ONLY_ACTIVE_ARCH = YES;
				SDKROOT = iphoneos;
			};
			name = Debug;
		};
		02158CE4255D336800FB2EAC /* Release */ = {
			isa = XCBuildConfiguration;
			buildSettings = {
				ALWAYS_SEARCH_USER_PATHS = NO;
				CLANG_ANALYZER_NONNULL = YES;
				CLANG_ANALYZER_NUMBER_OBJECT_CONVERSION = YES_AGGRESSIVE;
				CLANG_CXX_LANGUAGE_STANDARD = "gnu++14";
				CLANG_CXX_LIBRARY = "libc++";
				CLANG_ENABLE_MODULES = YES;
				CLANG_ENABLE_OBJC_ARC = YES;
				CLANG_ENABLE_OBJC_WEAK = YES;
				CLANG_WARN_BLOCK_CAPTURE_AUTORELEASING = YES;
				CLANG_WARN_BOOL_CONVERSION = YES;
				CLANG_WARN_COMMA = YES;
				CLANG_WARN_CONSTANT_CONVERSION = YES;
				CLANG_WARN_DEPRECATED_OBJC_IMPLEMENTATIONS = YES;
				CLANG_WARN_DIRECT_OBJC_ISA_USAGE = YES_ERROR;
				CLANG_WARN_DOCUMENTATION_COMMENTS = YES;
				CLANG_WARN_EMPTY_BODY = YES;
				CLANG_WARN_ENUM_CONVERSION = YES;
				CLANG_WARN_INFINITE_RECURSION = YES;
				CLANG_WARN_INT_CONVERSION = YES;
				CLANG_WARN_NON_LITERAL_NULL_CONVERSION = YES;
				CLANG_WARN_OBJC_IMPLICIT_RETAIN_SELF = YES;
				CLANG_WARN_OBJC_LITERAL_CONVERSION = YES;
				CLANG_WARN_OBJC_ROOT_CLASS = YES_ERROR;
				CLANG_WARN_QUOTED_INCLUDE_IN_FRAMEWORK_HEADER = YES;
				CLANG_WARN_RANGE_LOOP_ANALYSIS = YES;
				CLANG_WARN_STRICT_PROTOTYPES = YES;
				CLANG_WARN_SUSPICIOUS_MOVE = YES;
				CLANG_WARN_UNGUARDED_AVAILABILITY = YES_AGGRESSIVE;
				CLANG_WARN_UNREACHABLE_CODE = YES;
				CLANG_WARN__DUPLICATE_METHOD_MATCH = YES;
				COPY_PHASE_STRIP = NO;
				DEBUG_INFORMATION_FORMAT = "dwarf-with-dsym";
				ENABLE_NS_ASSERTIONS = NO;
				ENABLE_STRICT_OBJC_MSGSEND = YES;
				GCC_C_LANGUAGE_STANDARD = gnu11;
				GCC_NO_COMMON_BLOCKS = YES;
				GCC_WARN_64_TO_32_BIT_CONVERSION = YES;
				GCC_WARN_ABOUT_RETURN_TYPE = YES_ERROR;
				GCC_WARN_UNDECLARED_SELECTOR = YES;
				GCC_WARN_UNINITIALIZED_AUTOS = YES_AGGRESSIVE;
				GCC_WARN_UNUSED_FUNCTION = YES;
				GCC_WARN_UNUSED_VARIABLE = YES;
				IPHONEOS_DEPLOYMENT_TARGET = 14.1;
				MTL_ENABLE_DEBUG_INFO = NO;
				MTL_FAST_MATH = YES;
				SDKROOT = iphoneos;
				VALIDATE_PRODUCT = YES;
			};
			name = Release;
		};
		02158CE6255D336800FB2EAC /* Debug */ = {
			isa = XCBuildConfiguration;
			buildSettings = {
				ASSETCATALOG_COMPILER_APPICON_NAME = AppIcon;
				ASSETCATALOG_COMPILER_GLOBAL_ACCENT_COLOR_NAME = AccentColor;
				CODE_SIGN_STYLE = Automatic;
				DEVELOPMENT_TEAM = 4J3V9M76HP;
				INFOPLIST_FILE = 123/Info.plist;
				IPHONEOS_DEPLOYMENT_TARGET = 10.0;
				LD_RUNPATH_SEARCH_PATHS = (
					"$(inherited)",
					"@executable_path/Frameworks",
				);
				PRODUCT_BUNDLE_IDENTIFIER = "aa-test.-23";
				PRODUCT_NAME = "$(TARGET_NAME)";
				TARGETED_DEVICE_FAMILY = "1,2";
			};
			name = Debug;
		};
		02158CE7255D336800FB2EAC /* Release */ = {
			isa = XCBuildConfiguration;
			buildSettings = {
				ASSETCATALOG_COMPILER_APPICON_NAME = AppIcon;
				ASSETCATALOG_COMPILER_GLOBAL_ACCENT_COLOR_NAME = AccentColor;
				CODE_SIGN_STYLE = Automatic;
				DEVELOPMENT_TEAM = 4J3V9M76HP;
				INFOPLIST_FILE = 123/Info.plist;
				IPHONEOS_DEPLOYMENT_TARGET = 10.0;
				LD_RUNPATH_SEARCH_PATHS = (
					"$(inherited)",
					"@executable_path/Frameworks",
				);
				PRODUCT_BUNDLE_IDENTIFIER = "aa-test.-23";
				PRODUCT_NAME = "$(TARGET_NAME)";
				TARGETED_DEVICE_FAMILY = "1,2";
			};
			name = Release;
		};
/* End XCBuildConfiguration section */

/* Begin XCConfigurationList section */
		02158CC7255D336700FB2EAC /* Build configuration list for PBXProject "123" */ = {
			isa = XCConfigurationList;
			buildConfigurations = (
				02158CE3255D336800FB2EAC /* Debug */,
				02158CE4255D336800FB2EAC /* Release */,
			);
			defaultConfigurationIsVisible = 0;
			defaultConfigurationName = Release;
		};
		02158CE5255D336800FB2EAC /* Build configuration list for PBXNativeTarget "123" */ = {
			isa = XCConfigurationList;
			buildConfigurations = (
				02158CE6255D336800FB2EAC /* Debug */,
				02158CE7255D336800FB2EAC /* Release */,
			);
			defaultConfigurationIsVisible = 0;
			defaultConfigurationName = Release;
		};
/* End XCConfigurationList section */
	};
	rootObject = 02158CC4255D336700FB2EAC /* Project object */;
}
